
Microsoft Visual Studio Solution File, Format Version 12.00
# Visual Studio Version 16
VisualStudioVersion = 16.0.28803.352
MinimumVisualStudioVersion = 10.0.40219.1
Project("{8BC9CEB8-8B4A-11D0-8D11-00A0C91BC942}") = "GraphicsEditor", "GraphicsEditor\GraphicsEditor.vcxproj", "{42BDBA51-4F7B-4AB6-A724-0B3F1E930BF3}"
EndProject
Project("{8BC9CEB8-8B4A-11D0-8D11-00A0C91BC942}") = "PluginSupporter", "PluginSupporter\PluginSupporter.vcxproj", "{0173F1FA-3F8E-4149-BC43-0CCF91F18A72}"
EndProject
Project("{8BC9CEB8-8B4A-11D0-8D11-00A0C91BC942}") = "Exceptions", "Exceptions\Exceptions.vcxproj", "{158713B2-E690-4431-B28B-2D6425E35E54}"
EndProject
Global
	GlobalSection(SolutionConfigurationPlatforms) = preSolution
		Debug|x64 = Debug|x64
		Debug|x86 = Debug|x86
		Release|x64 = Release|x64
		Release|x86 = Release|x86
	EndGlobalSection
	GlobalSection(ProjectConfigurationPlatforms) = postSolution
		{42BDBA51-4F7B-4AB6-A724-0B3F1E930BF3}.Debug|x64.ActiveCfg = Debug|x64
		{42BDBA51-4F7B-4AB6-A724-0B3F1E930BF3}.Debug|x64.Build.0 = Debug|x64
		{42BDBA51-4F7B-4AB6-A724-0B3F1E930BF3}.Debug|x86.ActiveCfg = Debug|Win32
		{42BDBA51-4F7B-4AB6-A724-0B3F1E930BF3}.Debug|x86.Build.0 = Debug|Win32
		{42BDBA51-4F7B-4AB6-A724-0B3F1E930BF3}.Release|x64.ActiveCfg = Release|x64
		{42BDBA51-4F7B-4AB6-A724-0B3F1E930BF3}.Release|x64.Build.0 = Release|x64
		{42BDBA51-4F7B-4AB6-A724-0B3F1E930BF3}.Release|x86.ActiveCfg = Release|Win32
		{42BDBA51-4F7B-4AB6-A724-0B3F1E930BF3}.Release|x86.Build.0 = Release|Win32
		{0173F1FA-3F8E-4149-BC43-0CCF91F18A72}.Debug|x64.ActiveCfg = Debug|x64
		{0173F1FA-3F8E-4149-BC43-0CCF91F18A72}.Debug|x64.Build.0 = Debug|x64
		{0173F1FA-3F8E-4149-BC43-0CCF91F18A72}.Debug|x86.ActiveCfg = Debug|Win32
		{0173F1FA-3F8E-4149-BC43-0CCF91F18A72}.Debug|x86.Build.0 = Debug|Win32
		{0173F1FA-3F8E-4149-BC43-0CCF91F18A72}.Release|x64.ActiveCfg = Release|x64
		{0173F1FA-3F8E-4149-BC43-0CCF91F18A72}.Release|x64.Build.0 = Release|x64
		{0173F1FA-3F8E-4149-BC43-0CCF91F18A72}.Release|x86.ActiveCfg = Release|Win32
		{0173F1FA-3F8E-4149-BC43-0CCF91F18A72}.Release|x86.Build.0 = Release|Win32
		{158713B2-E690-4431-B28B-2D6425E35E54}.Debug|x64.ActiveCfg = Debug|x64
		{158713B2-E690-4431-B28B-2D6425E35E54}.Debug|x64.Build.0 = Debug|x64
		{158713B2-E690-4431-B28B-2D6425E35E54}.Debug|x86.ActiveCfg = Debug|Win32
		{158713B2-E690-4431-B28B-2D6425E35E54}.Debug|x86.Build.0 = Debug|Win32
		{158713B2-E690-4431-B28B-2D6425E35E54}.Release|x64.ActiveCfg = Release|x64
		{158713B2-E690-4431-B28B-2D6425E35E54}.Release|x64.Build.0 = Release|x64
		{158713B2-E690-4431-B28B-2D6425E35E54}.Release|x86.ActiveCfg = Release|Win32
		{158713B2-E690-4431-B28B-2D6425E35E54}.Release|x86.Build.0 = Release|Win32
	EndGlobalSection
	GlobalSection(SolutionProperties) = preSolution
		HideSolutionNode = FALSE
	EndGlobalSection
	GlobalSection(ExtensibilityGlobals) = postSolution
		SolutionGuid = {4E820978-A8D4-4F0B-B608-B4471556FC19}
	EndGlobalSection
EndGlobal
