<?xml version="1.0" encoding="utf-8"?>
<Project ToolsVersion="4.0" xmlns="http://schemas.microsoft.com/developer/msbuild/2003">
  <ItemGroup>
    <Filter Include="Source Files">
      <UniqueIdentifier>{4FC737F1-C7A5-4376-A066-2A32D752A2FF}</UniqueIdentifier>
      <Extensions>cpp;c;cc;cxx;def;odl;idl;hpj;bat;asm;asmx</Extensions>
    </Filter>
    <Filter Include="Header Files">
      <UniqueIdentifier>{93995380-89BD-4b04-88EB-625FBE52EBFB}</UniqueIdentifier>
      <Extensions>h;hh;hpp;hxx;hm;inl;inc;ipp;xsd</Extensions>
    </Filter>
    <Filter Include="Resource Files">
      <UniqueIdentifier>{67DA6AB6-F800-4c08-8B7A-83BB121AAD01}</UniqueIdentifier>
      <Extensions>rc;ico;cur;bmp;dlg;rc2;rct;bin;rgs;gif;jpg;jpeg;jpe;resx;tiff;tif;png;wav;mfcribbon-ms</Extensions>
    </Filter>
    <Filter Include="Header Files\core">
      <UniqueIdentifier>{ccf859e6-5989-4e74-b62d-98c882c26850}</UniqueIdentifier>
    </Filter>
    <Filter Include="Source Files\core">
      <UniqueIdentifier>{d4aec793-eecc-4857-9004-ad31f9a25130}</UniqueIdentifier>
    </Filter>
    <Filter Include="Source Files\shapes">
      <UniqueIdentifier>{e04f5f99-d6db-4540-92de-0155b8eb2ddb}</UniqueIdentifier>
    </Filter>
    <Filter Include="Header Files\interfaces">
      <UniqueIdentifier>{674eedff-4727-48f1-b82e-fc6198b55322}</UniqueIdentifier>
    </Filter>
    <Filter Include="Header Files\shapes">
      <UniqueIdentifier>{58ea1362-beb4-48bb-80b3-7a60192c756d}</UniqueIdentifier>
    </Filter>
  </ItemGroup>
  <ItemGroup>
    <ClCompile Include="source\core\ShapesFactory.cpp">
      <Filter>Source Files\core</Filter>
    </ClCompile>
    <ClCompile Include="source\shapes\BaseShape.cpp">
      <Filter>Source Files\shapes</Filter>
    </ClCompile>
    <ClCompile Include="source\DLLMain.cpp">
      <Filter>Source Files</Filter>
    </ClCompile>
  </ItemGroup>
  <ItemGroup>
    <ClInclude Include="source\core\ShapesFactory.h">
      <Filter>Header Files\core</Filter>
    </ClInclude>
    <ClInclude Include="source\shapes\BaseShape.h">
      <Filter>Header Files\shapes</Filter>
    </ClInclude>
    <ClInclude Include="source\interfaces\ICursor.h">
      <Filter>Header Files\interfaces</Filter>
    </ClInclude>
    <ClInclude Include="source\interfaces\IDeserializable.h">
      <Filter>Header Files\interfaces</Filter>
    </ClInclude>
    <ClInclude Include="source\interfaces\IDrawable.h">
      <Filter>Header Files\interfaces</Filter>
    </ClInclude>
    <ClInclude Include="source\interfaces\IPluginLibrary.h">
      <Filter>Header Files\interfaces</Filter>
    </ClInclude>
    <ClInclude Include="source\interfaces\ISerializable.h">
      <Filter>Header Files\interfaces</Filter>
    </ClInclude>
    <ClInclude Include="source\DLLSupport.h">
      <Filter>Header Files</Filter>
    </ClInclude>
    <ClInclude Include="source\PluginSupporter.h">
      <Filter>Header Files</Filter>
    </ClInclude>
    <ClInclude Include="source\LightWindows.h">
      <Filter>Header Files</Filter>
    </ClInclude>
    <ClInclude Include="source\core\IShapeFactoryFunctor.h">
      <Filter>Header Files\core</Filter>
    </ClInclude>
  </ItemGroup>
</Project>